// !$*UTF8*$!
{
	archiveVersion = 1;
	classes = {
	};
	objectVersion = 56;
	objects = {

/* Begin PBXBuildFile section */
		0F4AB6AE2A1634760007CEBC /* AppDelegate.swift in Sources */ = {isa = PBXBuildFile; fileRef = 0F4AB6AD2A1634760007CEBC /* AppDelegate.swift */; };
		0F4AB6B02A1634760007CEBC /* SceneDelegate.swift in Sources */ = {isa = PBXBuildFile; fileRef = 0F4AB6AF2A1634760007CEBC /* SceneDelegate.swift */; };
		0F4AB6B22A1634760007CEBC /* ViewController.swift in Sources */ = {isa = PBXBuildFile; fileRef = 0F4AB6B12A1634760007CEBC /* ViewController.swift */; };
		0F4AB6B52A1634760007CEBC /* Main.storyboard in Resources */ = {isa = PBXBuildFile; fileRef = 0F4AB6B32A1634760007CEBC /* Main.storyboard */; };
		0F4AB6B72A1634770007CEBC /* Assets.xcassets in Resources */ = {isa = PBXBuildFile; fileRef = 0F4AB6B62A1634770007CEBC /* Assets.xcassets */; };
		0F4AB6BA2A1634770007CEBC /* LaunchScreen.storyboard in Resources */ = {isa = PBXBuildFile; fileRef = 0F4AB6B82A1634770007CEBC /* LaunchScreen.storyboard */; };
		0F4AB6C32A16386B0007CEBC /* FirebaseAuth in Frameworks */ = {isa = PBXBuildFile; productRef = 0F4AB6C22A16386B0007CEBC /* FirebaseAuth */; };
		0F4AB6C52A1638DC0007CEBC /* GoogleService-Info.plist in Resources */ = {isa = PBXBuildFile; fileRef = 0F4AB6C42A1638DC0007CEBC /* GoogleService-Info.plist */; };
		0F4AB6C72A163A6E0007CEBC /* LoginViewController.swift in Sources */ = {isa = PBXBuildFile; fileRef = 0F4AB6C62A163A6E0007CEBC /* LoginViewController.swift */; };
		0F4AB6C92A163AD30007CEBC /* createAccountViewController.swift in Sources */ = {isa = PBXBuildFile; fileRef = 0F4AB6C82A163AD30007CEBC /* createAccountViewController.swift */; };
		0F4AB6CD2A169C0D0007CEBC /* TipsweblaodViewController.swift in Sources */ = {isa = PBXBuildFile; fileRef = 0F4AB6CC2A169C0D0007CEBC /* TipsweblaodViewController.swift */; };
		0F4AB6CF2A1755490007CEBC /* BMIViewController.swift in Sources */ = {isa = PBXBuildFile; fileRef = 0F4AB6CE2A1755480007CEBC /* BMIViewController.swift */; };
		0F54ED422A1A7A9500643EBE /* SheduleViewController.swift in Sources */ = {isa = PBXBuildFile; fileRef = 0F54ED412A1A7A9500643EBE /* SheduleViewController.swift */; };
/* End PBXBuildFile section */

/* Begin PBXFileReference section */
		0F4AB6AA2A1634760007CEBC /* Gym-Work-out.app */ = {isa = PBXFileReference; explicitFileType = wrapper.application; includeInIndex = 0; path = "Gym-Work-out.app"; sourceTree = BUILT_PRODUCTS_DIR; };
		0F4AB6AD2A1634760007CEBC /* AppDelegate.swift */ = {isa = PBXFileReference; lastKnownFileType = sourcecode.swift; path = AppDelegate.swift; sourceTree = "<group>"; };
		0F4AB6AF2A1634760007CEBC /* SceneDelegate.swift */ = {isa = PBXFileReference; lastKnownFileType = sourcecode.swift; path = SceneDelegate.swift; sourceTree = "<group>"; };
		0F4AB6B12A1634760007CEBC /* ViewController.swift */ = {isa = PBXFileReference; lastKnownFileType = sourcecode.swift; path = ViewController.swift; sourceTree = "<group>"; };
		0F4AB6B42A1634760007CEBC /* Base */ = {isa = PBXFileReference; lastKnownFileType = file.storyboard; name = Base; path = Base.lproj/Main.storyboard; sourceTree = "<group>"; };
		0F4AB6B62A1634770007CEBC /* Assets.xcassets */ = {isa = PBXFileReference; lastKnownFileType = folder.assetcatalog; path = Assets.xcassets; sourceTree = "<group>"; };
		0F4AB6B92A1634770007CEBC /* Base */ = {isa = PBXFileReference; lastKnownFileType = file.storyboard; name = Base; path = Base.lproj/LaunchScreen.storyboard; sourceTree = "<group>"; };
		0F4AB6BB2A1634770007CEBC /* Info.plist */ = {isa = PBXFileReference; lastKnownFileType = text.plist.xml; path = Info.plist; sourceTree = "<group>"; };
		0F4AB6C42A1638DC0007CEBC /* GoogleService-Info.plist */ = {isa = PBXFileReference; fileEncoding = 4; lastKnownFileType = text.plist.xml; path = "GoogleService-Info.plist"; sourceTree = "<group>"; };
		0F4AB6C62A163A6E0007CEBC /* LoginViewController.swift */ = {isa = PBXFileReference; lastKnownFileType = sourcecode.swift; path = LoginViewController.swift; sourceTree = "<group>"; };
		0F4AB6C82A163AD30007CEBC /* createAccountViewController.swift */ = {isa = PBXFileReference; lastKnownFileType = sourcecode.swift; path = createAccountViewController.swift; sourceTree = "<group>"; };
		0F4AB6CC2A169C0D0007CEBC /* TipsweblaodViewController.swift */ = {isa = PBXFileReference; lastKnownFileType = sourcecode.swift; path = TipsweblaodViewController.swift; sourceTree = "<group>"; };
		0F4AB6CE2A1755480007CEBC /* BMIViewController.swift */ = {isa = PBXFileReference; lastKnownFileType = sourcecode.swift; path = BMIViewController.swift; sourceTree = "<group>"; };
		0F54ED412A1A7A9500643EBE /* SheduleViewController.swift */ = {isa = PBXFileReference; lastKnownFileType = sourcecode.swift; path = SheduleViewController.swift; sourceTree = "<group>"; };
/* End PBXFileReference section */

/* Begin PBXFrameworksBuildPhase section */
		0F4AB6A72A1634760007CEBC /* Frameworks */ = {
			isa = PBXFrameworksBuildPhase;
			buildActionMask = 2147483647;
			files = (
				0F4AB6C32A16386B0007CEBC /* FirebaseAuth in Frameworks */,
			);
			runOnlyForDeploymentPostprocessing = 0;
		};
/* End PBXFrameworksBuildPhase section */

/* Begin PBXGroup section */
		0F4AB6A12A1634760007CEBC = {
			isa = PBXGroup;
			children = (
				0F54ED412A1A7A9500643EBE /* SheduleViewController.swift */,
				0F4AB6C82A163AD30007CEBC /* createAccountViewController.swift */,
				0F4AB6C62A163A6E0007CEBC /* LoginViewController.swift */,
				0F4AB6AC2A1634760007CEBC /* Gym-Work-out */,
				0F4AB6AB2A1634760007CEBC /* Products */,
			);
			sourceTree = "<group>";
		};
		0F4AB6AB2A1634760007CEBC /* Products */ = {
			isa = PBXGroup;
			children = (
				0F4AB6AA2A1634760007CEBC /* Gym-Work-out.app */,
			);
			name = Products;
			sourceTree = "<group>";
		};
		0F4AB6AC2A1634760007CEBC /* Gym-Work-out */ = {
			isa = PBXGroup;
			children = (
				0F4AB6AD2A1634760007CEBC /* AppDelegate.swift */,
				0F4AB6AF2A1634760007CEBC /* SceneDelegate.swift */,
				0F4AB6B12A1634760007CEBC /* ViewController.swift */,
				0F4AB6B32A1634760007CEBC /* Main.storyboard */,
				0F4AB6CE2A1755480007CEBC /* BMIViewController.swift */,
				0F4AB6CC2A169C0D0007CEBC /* TipsweblaodViewController.swift */,
				0F4AB6B62A1634770007CEBC /* Assets.xcassets */,
				0F4AB6B82A1634770007CEBC /* LaunchScreen.storyboard */,
				0F4AB6BB2A1634770007CEBC /* Info.plist */,
				0F4AB6C42A1638DC0007CEBC /* GoogleService-Info.plist */,
			);
			path = "Gym-Work-out";
			sourceTree = "<group>";
		};
/* End PBXGroup section */

/* Begin PBXNativeTarget section */
		0F4AB6A92A1634760007CEBC /* Gym-Work-out */ = {
			isa = PBXNativeTarget;
			buildConfigurationList = 0F4AB6BE2A1634770007CEBC /* Build configuration list for PBXNativeTarget "Gym-Work-out" */;
			buildPhases = (
				0F4AB6A62A1634760007CEBC /* Sources */,
				0F4AB6A72A1634760007CEBC /* Frameworks */,
				0F4AB6A82A1634760007CEBC /* Resources */,
			);
			buildRules = (
			);
			dependencies = (
			);
			name = "Gym-Work-out";
			packageProductDependencies = (
				0F4AB6C22A16386B0007CEBC /* FirebaseAuth */,
			);
			productName = "Gym-Work-out";
			productReference = 0F4AB6AA2A1634760007CEBC /* Gym-Work-out.app */;
			productType = "com.apple.product-type.application";
		};
/* End PBXNativeTarget section */

/* Begin PBXProject section */
		0F4AB6A22A1634760007CEBC /* Project object */ = {
			isa = PBXProject;
			attributes = {
				BuildIndependentTargetsInParallel = 1;
				LastSwiftUpdateCheck = 1430;
				LastUpgradeCheck = 1430;
				TargetAttributes = {
					0F4AB6A92A1634760007CEBC = {
						CreatedOnToolsVersion = 14.3;
					};
				};
			};
			buildConfigurationList = 0F4AB6A52A1634760007CEBC /* Build configuration list for PBXProject "Gym-Work-out" */;
			compatibilityVersion = "Xcode 14.0";
			developmentRegion = en;
			hasScannedForEncodings = 0;
			knownRegions = (
				en,
				Base,
			);
			mainGroup = 0F4AB6A12A1634760007CEBC;
			packageReferences = (
				0F4AB6C12A16386B0007CEBC /* XCRemoteSwiftPackageReference "firebase-ios-sdk" */,
			);
			productRefGroup = 0F4AB6AB2A1634760007CEBC /* Products */;
			projectDirPath = "";
			projectRoot = "";
			targets = (
				0F4AB6A92A1634760007CEBC /* Gym-Work-out */,
			);
		};
/* End PBXProject section */

/* Begin PBXResourcesBuildPhase section */
		0F4AB6A82A1634760007CEBC /* Resources */ = {
			isa = PBXResourcesBuildPhase;
			buildActionMask = 2147483647;
			files = (
				0F4AB6BA2A1634770007CEBC /* LaunchScreen.storyboard in Resources */,
				0F4AB6C52A1638DC0007CEBC /* GoogleService-Info.plist in Resources */,
				0F4AB6B72A1634770007CEBC /* Assets.xcassets in Resources */,
				0F4AB6B52A1634760007CEBC /* Main.storyboard in Resources */,
			);
			runOnlyForDeploymentPostprocessing = 0;
		};
/* End PBXResourcesBuildPhase section */

/* Begin PBXSourcesBuildPhase section */
		0F4AB6A62A1634760007CEBC /* Sources */ = {
			isa = PBXSourcesBuildPhase;
			buildActionMask = 2147483647;
			files = (
				0F4AB6C72A163A6E0007CEBC /* LoginViewController.swift in Sources */,
				0F4AB6CF2A1755490007CEBC /* BMIViewController.swift in Sources */,
				0F4AB6CD2A169C0D0007CEBC /* TipsweblaodViewController.swift in Sources */,
				0F4AB6C92A163AD30007CEBC /* createAccountViewController.swift in Sources */,
				0F4AB6B22A1634760007CEBC /* ViewController.swift in Sources */,
				0F4AB6AE2A1634760007CEBC /* AppDelegate.swift in Sources */,
				0F4AB6B02A1634760007CEBC /* SceneDelegate.swift in Sources */,
				0F54ED422A1A7A9500643EBE /* SheduleViewController.swift in Sources */,
			);
			runOnlyForDeploymentPostprocessing = 0;
		};
/* End PBXSourcesBuildPhase section */

/* Begin PBXVariantGroup section */
		0F4AB6B32A1634760007CEBC /* Main.storyboard */ = {
			isa = PBXVariantGroup;
			children = (
				0F4AB6B42A1634760007CEBC /* Base */,
			);
			name = Main.storyboard;
			sourceTree = "<group>";
		};
		0F4AB6B82A1634770007CEBC /* LaunchScreen.storyboard */ = {
			isa = PBXVariantGroup;
			children = (
				0F4AB6B92A1634770007CEBC /* Base */,
			);
			name = LaunchScreen.storyboard;
			sourceTree = "<group>";
		};
/* End PBXVariantGroup section */

/* Begin XCBuildConfiguration section */
		0F4AB6BC2A1634770007CEBC /* Debug */ = {
			isa = XCBuildConfiguration;
			buildSettings = {
				ALWAYS_SEARCH_USER_PATHS = NO;
				CLANG_ANALYZER_NONNULL = YES;
				CLANG_ANALYZER_NUMBER_OBJECT_CONVERSION = YES_AGGRESSIVE;
				CLANG_CXX_LANGUAGE_STANDARD = "gnu++20";
				CLANG_ENABLE_MODULES = YES;
				CLANG_ENABLE_OBJC_ARC = YES;
				CLANG_ENABLE_OBJC_WEAK = YES;
				CLANG_WARN_BLOCK_CAPTURE_AUTORELEASING = YES;
				CLANG_WARN_BOOL_CONVERSION = YES;
				CLANG_WARN_COMMA = YES;
				CLANG_WARN_CONSTANT_CONVERSION = YES;
				CLANG_WARN_DEPRECATED_OBJC_IMPLEMENTATIONS = YES;
				CLANG_WARN_DIRECT_OBJC_ISA_USAGE = YES_ERROR;
				CLANG_WARN_DOCUMENTATION_COMMENTS = YES;
				CLANG_WARN_EMPTY_BODY = YES;
				CLANG_WARN_ENUM_CONVERSION = YES;
				CLANG_WARN_INFINITE_RECURSION = YES;
				CLANG_WARN_INT_CONVERSION = YES;
				CLANG_WARN_NON_LITERAL_NULL_CONVERSION = YES;
				CLANG_WARN_OBJC_IMPLICIT_RETAIN_SELF = YES;
				CLANG_WARN_OBJC_LITERAL_CONVERSION = YES;
				CLANG_WARN_OBJC_ROOT_CLASS = YES_ERROR;
				CLANG_WARN_QUOTED_INCLUDE_IN_FRAMEWORK_HEADER = YES;
				CLANG_WARN_RANGE_LOOP_ANALYSIS = YES;
				CLANG_WARN_STRICT_PROTOTYPES = YES;
				CLANG_WARN_SUSPICIOUS_MOVE = YES;
				CLANG_WARN_UNGUARDED_AVAILABILITY = YES_AGGRESSIVE;
				CLANG_WARN_UNREACHABLE_CODE = YES;
				CLANG_WARN__DUPLICATE_METHOD_MATCH = YES;
				COPY_PHASE_STRIP = NO;
				DEBUG_INFORMATION_FORMAT = dwarf;
				ENABLE_STRICT_OBJC_MSGSEND = YES;
				ENABLE_TESTABILITY = YES;
				GCC_C_LANGUAGE_STANDARD = gnu11;
				GCC_DYNAMIC_NO_PIC = NO;
				GCC_NO_COMMON_BLOCKS = YES;
				GCC_OPTIMIZATION_LEVEL = 0;
				GCC_PREPROCESSOR_DEFINITIONS = (
					"DEBUG=1",
					"$(inherited)",
				);
				GCC_WARN_64_TO_32_BIT_CONVERSION = YES;
				GCC_WARN_ABOUT_RETURN_TYPE = YES_ERROR;
				GCC_WARN_UNDECLARED_SELECTOR = YES;
				GCC_WARN_UNINITIALIZED_AUTOS = YES_AGGRESSIVE;
				GCC_WARN_UNUSED_FUNCTION = YES;
				GCC_WARN_UNUSED_VARIABLE = YES;
				IPHONEOS_DEPLOYMENT_TARGET = 16.4;
				MTL_ENABLE_DEBUG_INFO = INCLUDE_SOURCE;
				MTL_FAST_MATH = YES;
				ONLY_ACTIVE_ARCH = YES;
				SDKROOT = iphoneos;
				SWIFT_ACTIVE_COMPILATION_CONDITIONS = DEBUG;
				SWIFT_OPTIMIZATION_LEVEL = "-Onone";
			};
			name = Debug;
		};
		0F4AB6BD2A1634770007CEBC /* Release */ = {
			isa = XCBuildConfiguration;
			buildSettings = {
				ALWAYS_SEARCH_USER_PATHS = NO;
				CLANG_ANALYZER_NONNULL = YES;
				CLANG_ANALYZER_NUMBER_OBJECT_CONVERSION = YES_AGGRESSIVE;
				CLANG_CXX_LANGUAGE_STANDARD = "gnu++20";
				CLANG_ENABLE_MODULES = YES;
				CLANG_ENABLE_OBJC_ARC = YES;
				CLANG_ENABLE_OBJC_WEAK = YES;
				CLANG_WARN_BLOCK_CAPTURE_AUTORELEASING = YES;
				CLANG_WARN_BOOL_CONVERSION = YES;
				CLANG_WARN_COMMA = YES;
				CLANG_WARN_CONSTANT_CONVERSION = YES;
				CLANG_WARN_DEPRECATED_OBJC_IMPLEMENTATIONS = YES;
				CLANG_WARN_DIRECT_OBJC_ISA_USAGE = YES_ERROR;
				CLANG_WARN_DOCUMENTATION_COMMENTS = YES;
				CLANG_WARN_EMPTY_BODY = YES;
				CLANG_WARN_ENUM_CONVERSION = YES;
				CLANG_WARN_INFINITE_RECURSION = YES;
				CLANG_WARN_INT_CONVERSION = YES;
				CLANG_WARN_NON_LITERAL_NULL_CONVERSION = YES;
				CLANG_WARN_OBJC_IMPLICIT_RETAIN_SELF = YES;
				CLANG_WARN_OBJC_LITERAL_CONVERSION = YES;
				CLANG_WARN_OBJC_ROOT_CLASS = YES_ERROR;
				CLANG_WARN_QUOTED_INCLUDE_IN_FRAMEWORK_HEADER = YES;
				CLANG_WARN_RANGE_LOOP_ANALYSIS = YES;
				CLANG_WARN_STRICT_PROTOTYPES = YES;
				CLANG_WARN_SUSPICIOUS_MOVE = YES;
				CLANG_WARN_UNGUARDED_AVAILABILITY = YES_AGGRESSIVE;
				CLANG_WARN_UNREACHABLE_CODE = YES;
				CLANG_WARN__DUPLICATE_METHOD_MATCH = YES;
				COPY_PHASE_STRIP = NO;
				DEBUG_INFORMATION_FORMAT = "dwarf-with-dsym";
				ENABLE_NS_ASSERTIONS = NO;
				ENABLE_STRICT_OBJC_MSGSEND = YES;
				GCC_C_LANGUAGE_STANDARD = gnu11;
				GCC_NO_COMMON_BLOCKS = YES;
				GCC_WARN_64_TO_32_BIT_CONVERSION = YES;
				GCC_WARN_ABOUT_RETURN_TYPE = YES_ERROR;
				GCC_WARN_UNDECLARED_SELECTOR = YES;
				GCC_WARN_UNINITIALIZED_AUTOS = YES_AGGRESSIVE;
				GCC_WARN_UNUSED_FUNCTION = YES;
				GCC_WARN_UNUSED_VARIABLE = YES;
				IPHONEOS_DEPLOYMENT_TARGET = 16.4;
				MTL_ENABLE_DEBUG_INFO = NO;
				MTL_FAST_MATH = YES;
				SDKROOT = iphoneos;
				SWIFT_COMPILATION_MODE = wholemodule;
				SWIFT_OPTIMIZATION_LEVEL = "-O";
				VALIDATE_PRODUCT = YES;
			};
			name = Release;
		};
		0F4AB6BF2A1634770007CEBC /* Debug */ = {
			isa = XCBuildConfiguration;
			buildSettings = {
				ASSETCATALOG_COMPILER_APPICON_NAME = AppIcon;
				ASSETCATALOG_COMPILER_GLOBAL_ACCENT_COLOR_NAME = AccentColor;
				CODE_SIGN_STYLE = Automatic;
				CURRENT_PROJECT_VERSION = 1;
				GENERATE_INFOPLIST_FILE = YES;
				INFOPLIST_FILE = "Gym-Work-out/Info.plist";
				INFOPLIST_KEY_UIApplicationSupportsIndirectInputEvents = YES;
				INFOPLIST_KEY_UILaunchStoryboardName = LaunchScreen;
				INFOPLIST_KEY_UIMainStoryboardFile = Main;
				INFOPLIST_KEY_UISupportedInterfaceOrientations_iPad = "UIInterfaceOrientationPortrait UIInterfaceOrientationPortraitUpsideDown UIInterfaceOrientationLandscapeLeft UIInterfaceOrientationLandscapeRight";
				INFOPLIST_KEY_UISupportedInterfaceOrientations_iPhone = "UIInterfaceOrientationPortrait UIInterfaceOrientationLandscapeLeft UIInterfaceOrientationLandscapeRight";
				LD_RUNPATH_SEARCH_PATHS = (
					"$(inherited)",
					"@executable_path/Frameworks",
				);
				MARKETING_VERSION = 1.0;
				PRODUCT_BUNDLE_IDENTIFIER = "com.pamux.Gym-Work-out";
				PRODUCT_NAME = "$(TARGET_NAME)";
				SWIFT_EMIT_LOC_STRINGS = YES;
				SWIFT_VERSION = 5.0;
				TARGETED_DEVICE_FAMILY = "1,2";
			};
			name = Debug;
		};
		0F4AB6C02A1634770007CEBC /* Release */ = {
			isa = XCBuildConfiguration;
			buildSettings = {
				ASSETCATALOG_COMPILER_APPICON_NAME = AppIcon;
				ASSETCATALOG_COMPILER_GLOBAL_ACCENT_COLOR_NAME = AccentColor;
				CODE_SIGN_STYLE = Automatic;
				CURRENT_PROJECT_VERSION = 1;
				GENERATE_INFOPLIST_FILE = YES;
				INFOPLIST_FILE = "Gym-Work-out/Info.plist";
				INFOPLIST_KEY_UIApplicationSupportsIndirectInputEvents = YES;
				INFOPLIST_KEY_UILaunchStoryboardName = LaunchScreen;
				INFOPLIST_KEY_UIMainStoryboardFile = Main;
				INFOPLIST_KEY_UISupportedInterfaceOrientations_iPad = "UIInterfaceOrientationPortrait UIInterfaceOrientationPortraitUpsideDown UIInterfaceOrientationLandscapeLeft UIInterfaceOrientationLandscapeRight";
				INFOPLIST_KEY_UISupportedInterfaceOrientations_iPhone = "UIInterfaceOrientationPortrait UIInterfaceOrientationLandscapeLeft UIInterfaceOrientationLandscapeRight";
				LD_RUNPATH_SEARCH_PATHS = (
					"$(inherited)",
					"@executable_path/Frameworks",
				);
				MARKETING_VERSION = 1.0;
				PRODUCT_BUNDLE_IDENTIFIER = "com.pamux.Gym-Work-out";
				PRODUCT_NAME = "$(TARGET_NAME)";
				SWIFT_EMIT_LOC_STRINGS = YES;
				SWIFT_VERSION = 5.0;
				TARGETED_DEVICE_FAMILY = "1,2";
			};
			name = Release;
		};
/* End XCBuildConfiguration section */

/* Begin XCConfigurationList section */
		0F4AB6A52A1634760007CEBC /* Build configuration list for PBXProject "Gym-Work-out" */ = {
			isa = XCConfigurationList;
			buildConfigurations = (
				0F4AB6BC2A1634770007CEBC /* Debug */,
				0F4AB6BD2A1634770007CEBC /* Release */,
			);
			defaultConfigurationIsVisible = 0;
			defaultConfigurationName = Release;
		};
		0F4AB6BE2A1634770007CEBC /* Build configuration list for PBXNativeTarget "Gym-Work-out" */ = {
			isa = XCConfigurationList;
			buildConfigurations = (
				0F4AB6BF2A1634770007CEBC /* Debug */,
				0F4AB6C02A1634770007CEBC /* Release */,
			);
			defaultConfigurationIsVisible = 0;
			defaultConfigurationName = Release;
		};
/* End XCConfigurationList section */

/* Begin XCRemoteSwiftPackageReference section */
		0F4AB6C12A16386B0007CEBC /* XCRemoteSwiftPackageReference "firebase-ios-sdk" */ = {
			isa = XCRemoteSwiftPackageReference;
			repositoryURL = "https://github.com/firebase/firebase-ios-sdk";
			requirement = {
				kind = upToNextMajorVersion;
				minimumVersion = 10.0.0;
			};
		};
/* End XCRemoteSwiftPackageReference section */

/* Begin XCSwiftPackageProductDependency section */
		0F4AB6C22A16386B0007CEBC /* FirebaseAuth */ = {
			isa = XCSwiftPackageProductDependency;
			package = 0F4AB6C12A16386B0007CEBC /* XCRemoteSwiftPackageReference "firebase-ios-sdk" */;
			productName = FirebaseAuth;
		};
/* End XCSwiftPackageProductDependency section */
	};
	rootObject = 0F4AB6A22A1634760007CEBC /* Project object */;
}
